// !$*UTF8*$!
{
	archiveVersion = 1;
	classes = {
	};
	objectVersion = 46;
	objects = {

/* Begin PBXBuildFile section */
		B1C875861A0DE4C800ABE09F /* SwipeBetweenViewControllers.swift in Sources */ = {isa = PBXBuildFile; fileRef = B1C875851A0DE4C800ABE09F /* SwipeBetweenViewControllers.swift */; };
		B1C875891A0DED1100ABE09F /* Default-568h@2x.png in Resources */ = {isa = PBXBuildFile; fileRef = B1C875881A0DED1100ABE09F /* Default-568h@2x.png */; };
		B1D9DDBE19FF6B08001615F7 /* AppDelegate.swift in Sources */ = {isa = PBXBuildFile; fileRef = B1D9DDBD19FF6B08001615F7 /* AppDelegate.swift */; };
		B1D9DDC319FF6B08001615F7 /* Main.storyboard in Resources */ = {isa = PBXBuildFile; fileRef = B1D9DDC119FF6B08001615F7 /* Main.storyboard */; };
		B1D9DDC519FF6B08001615F7 /* Images.xcassets in Resources */ = {isa = PBXBuildFile; fileRef = B1D9DDC419FF6B08001615F7 /* Images.xcassets */; };
		B1D9DDC819FF6B08001615F7 /* LaunchScreen.xib in Resources */ = {isa = PBXBuildFile; fileRef = B1D9DDC619FF6B08001615F7 /* LaunchScreen.xib */; };
		B1D9DDD419FF6B08001615F7 /* SwipeBetweenViewControllersTests.swift in Sources */ = {isa = PBXBuildFile; fileRef = B1D9DDD319FF6B08001615F7 /* SwipeBetweenViewControllersTests.swift */; };
/* End PBXBuildFile section */

/* Begin PBXContainerItemProxy section */
		B1D9DDCE19FF6B08001615F7 /* PBXContainerItemProxy */ = {
			isa = PBXContainerItemProxy;
			containerPortal = B1D9DDB019FF6B08001615F7 /* Project object */;
			proxyType = 1;
			remoteGlobalIDString = B1D9DDB719FF6B08001615F7;
			remoteInfo = SwipeBetweenViewControllers;
		};
/* End PBXContainerItemProxy section */

/* Begin PBXFileReference section */
		B1C875851A0DE4C800ABE09F /* SwipeBetweenViewControllers.swift */ = {isa = PBXFileReference; fileEncoding = 4; lastKnownFileType = sourcecode.swift; path = SwipeBetweenViewControllers.swift; sourceTree = "<group>"; };
		B1C875881A0DED1100ABE09F /* Default-568h@2x.png */ = {isa = PBXFileReference; lastKnownFileType = image.png; path = "Default-568h@2x.png"; sourceTree = "<group>"; };
		B1D9DDB819FF6B08001615F7 /* SwipeBetweenViewControllers.app */ = {isa = PBXFileReference; explicitFileType = wrapper.application; includeInIndex = 0; path = SwipeBetweenViewControllers.app; sourceTree = BUILT_PRODUCTS_DIR; };
		B1D9DDBC19FF6B08001615F7 /* Info.plist */ = {isa = PBXFileReference; lastKnownFileType = text.plist.xml; path = Info.plist; sourceTree = "<group>"; };
		B1D9DDBD19FF6B08001615F7 /* AppDelegate.swift */ = {isa = PBXFileReference; lastKnownFileType = sourcecode.swift; path = AppDelegate.swift; sourceTree = "<group>"; };
		B1D9DDC219FF6B08001615F7 /* Base */ = {isa = PBXFileReference; lastKnownFileType = file.storyboard; name = Base; path = Base.lproj/Main.storyboard; sourceTree = "<group>"; };
		B1D9DDC419FF6B08001615F7 /* Images.xcassets */ = {isa = PBXFileReference; lastKnownFileType = folder.assetcatalog; path = Images.xcassets; sourceTree = "<group>"; };
		B1D9DDC719FF6B08001615F7 /* Base */ = {isa = PBXFileReference; lastKnownFileType = file.xib; name = Base; path = Base.lproj/LaunchScreen.xib; sourceTree = "<group>"; };
		B1D9DDCD19FF6B08001615F7 /* SwipeBetweenViewControllersTests.xctest */ = {isa = PBXFileReference; explicitFileType = wrapper.cfbundle; includeInIndex = 0; path = SwipeBetweenViewControllersTests.xctest; sourceTree = BUILT_PRODUCTS_DIR; };
		B1D9DDD219FF6B08001615F7 /* Info.plist */ = {isa = PBXFileReference; lastKnownFileType = text.plist.xml; path = Info.plist; sourceTree = "<group>"; };
		B1D9DDD319FF6B08001615F7 /* SwipeBetweenViewControllersTests.swift */ = {isa = PBXFileReference; lastKnownFileType = sourcecode.swift; path = SwipeBetweenViewControllersTests.swift; sourceTree = "<group>"; };
/* End PBXFileReference section */

/* Begin PBXFrameworksBuildPhase section */
		B1D9DDB519FF6B08001615F7 /* Frameworks */ = {
			isa = PBXFrameworksBuildPhase;
			buildActionMask = 2147483647;
			files = (
			);
			runOnlyForDeploymentPostprocessing = 0;
		};
		B1D9DDCA19FF6B08001615F7 /* Frameworks */ = {
			isa = PBXFrameworksBuildPhase;
			buildActionMask = 2147483647;
			files = (
			);
			runOnlyForDeploymentPostprocessing = 0;
		};
/* End PBXFrameworksBuildPhase section */

/* Begin PBXGroup section */
		B1D9DDAF19FF6B08001615F7 = {
			isa = PBXGroup;
			children = (
				B1D9DDBA19FF6B08001615F7 /* SwipeBetweenViewControllers */,
				B1D9DDD019FF6B08001615F7 /* SwipeBetweenViewControllersTests */,
				B1D9DDB919FF6B08001615F7 /* Products */,
			);
			sourceTree = "<group>";
		};
		B1D9DDB919FF6B08001615F7 /* Products */ = {
			isa = PBXGroup;
			children = (
				B1D9DDB819FF6B08001615F7 /* SwipeBetweenViewControllers.app */,
				B1D9DDCD19FF6B08001615F7 /* SwipeBetweenViewControllersTests.xctest */,
			);
			name = Products;
			sourceTree = "<group>";
		};
		B1D9DDBA19FF6B08001615F7 /* SwipeBetweenViewControllers */ = {
			isa = PBXGroup;
			children = (
				B1D9DDBD19FF6B08001615F7 /* AppDelegate.swift */,
				B1C875851A0DE4C800ABE09F /* SwipeBetweenViewControllers.swift */,
				B1D9DDC119FF6B08001615F7 /* Main.storyboard */,
				B1D9DDC419FF6B08001615F7 /* Images.xcassets */,
				B1D9DDC619FF6B08001615F7 /* LaunchScreen.xib */,
				B1D9DDBB19FF6B08001615F7 /* Supporting Files */,
			);
			path = SwipeBetweenViewControllers;
			sourceTree = "<group>";
		};
		B1D9DDBB19FF6B08001615F7 /* Supporting Files */ = {
			isa = PBXGroup;
			children = (
				B1C875881A0DED1100ABE09F /* Default-568h@2x.png */,
				B1D9DDBC19FF6B08001615F7 /* Info.plist */,
			);
			name = "Supporting Files";
			sourceTree = "<group>";
		};
		B1D9DDD019FF6B08001615F7 /* SwipeBetweenViewControllersTests */ = {
			isa = PBXGroup;
			children = (
				B1D9DDD319FF6B08001615F7 /* SwipeBetweenViewControllersTests.swift */,
				B1D9DDD119FF6B08001615F7 /* Supporting Files */,
			);
			path = SwipeBetweenViewControllersTests;
			sourceTree = "<group>";
		};
		B1D9DDD119FF6B08001615F7 /* Supporting Files */ = {
			isa = PBXGroup;
			children = (
				B1D9DDD219FF6B08001615F7 /* Info.plist */,
			);
			name = "Supporting Files";
			sourceTree = "<group>";
		};
/* End PBXGroup section */

/* Begin PBXNativeTarget section */
		B1D9DDB719FF6B08001615F7 /* SwipeBetweenViewControllers */ = {
			isa = PBXNativeTarget;
			buildConfigurationList = B1D9DDD719FF6B08001615F7 /* Build configuration list for PBXNativeTarget "SwipeBetweenViewControllers" */;
			buildPhases = (
				B1D9DDB419FF6B08001615F7 /* Sources */,
				B1D9DDB519FF6B08001615F7 /* Frameworks */,
				B1D9DDB619FF6B08001615F7 /* Resources */,
			);
			buildRules = (
			);
			dependencies = (
			);
			name = SwipeBetweenViewControllers;
			productName = SwipeBetweenViewControllers;
			productReference = B1D9DDB819FF6B08001615F7 /* SwipeBetweenViewControllers.app */;
			productType = "com.apple.product-type.application";
		};
		B1D9DDCC19FF6B08001615F7 /* SwipeBetweenViewControllersTests */ = {
			isa = PBXNativeTarget;
			buildConfigurationList = B1D9DDDA19FF6B08001615F7 /* Build configuration list for PBXNativeTarget "SwipeBetweenViewControllersTests" */;
			buildPhases = (
				B1D9DDC919FF6B08001615F7 /* Sources */,
				B1D9DDCA19FF6B08001615F7 /* Frameworks */,
				B1D9DDCB19FF6B08001615F7 /* Resources */,
			);
			buildRules = (
			);
			dependencies = (
				B1D9DDCF19FF6B08001615F7 /* PBXTargetDependency */,
			);
			name = SwipeBetweenViewControllersTests;
			productName = SwipeBetweenViewControllersTests;
			productReference = B1D9DDCD19FF6B08001615F7 /* SwipeBetweenViewControllersTests.xctest */;
			productType = "com.apple.product-type.bundle.unit-test";
		};
/* End PBXNativeTarget section */

/* Begin PBXProject section */
		B1D9DDB019FF6B08001615F7 /* Project object */ = {
			isa = PBXProject;
			attributes = {
				LastUpgradeCheck = 0610;
				ORGANIZATIONNAME = "HAYAKAWA TOMOAKI";
				TargetAttributes = {
					B1D9DDB719FF6B08001615F7 = {
						CreatedOnToolsVersion = 6.1;
					};
					B1D9DDCC19FF6B08001615F7 = {
						CreatedOnToolsVersion = 6.1;
						TestTargetID = B1D9DDB719FF6B08001615F7;
					};
				};
			};
			buildConfigurationList = B1D9DDB319FF6B08001615F7 /* Build configuration list for PBXProject "SwipeBetweenViewControllers" */;
			compatibilityVersion = "Xcode 3.2";
			developmentRegion = English;
			hasScannedForEncodings = 0;
			knownRegions = (
				en,
				Base,
			);
			mainGroup = B1D9DDAF19FF6B08001615F7;
			productRefGroup = B1D9DDB919FF6B08001615F7 /* Products */;
			projectDirPath = "";
			projectRoot = "";
			targets = (
				B1D9DDB719FF6B08001615F7 /* SwipeBetweenViewControllers */,
				B1D9DDCC19FF6B08001615F7 /* SwipeBetweenViewControllersTests */,
			);
		};
/* End PBXProject section */

/* Begin PBXResourcesBuildPhase section */
		B1D9DDB619FF6B08001615F7 /* Resources */ = {
			isa = PBXResourcesBuildPhase;
			buildActionMask = 2147483647;
			files = (
				B1D9DDC319FF6B08001615F7 /* Main.storyboard in Resources */,
				B1C875891A0DED1100ABE09F /* Default-568h@2x.png in Resources */,
				B1D9DDC819FF6B08001615F7 /* LaunchScreen.xib in Resources */,
				B1D9DDC519FF6B08001615F7 /* Images.xcassets in Resources */,
			);
			runOnlyForDeploymentPostprocessing = 0;
		};
		B1D9DDCB19FF6B08001615F7 /* Resources */ = {
			isa = PBXResourcesBuildPhase;
			buildActionMask = 2147483647;
			files = (
			);
			runOnlyForDeploymentPostprocessing = 0;
		};
/* End PBXResourcesBuildPhase section */

/* Begin PBXSourcesBuildPhase section */
		B1D9DDB419FF6B08001615F7 /* Sources */ = {
			isa = PBXSourcesBuildPhase;
			buildActionMask = 2147483647;
			files = (
				B1C875861A0DE4C800ABE09F /* SwipeBetweenViewControllers.swift in Sources */,
				B1D9DDBE19FF6B08001615F7 /* AppDelegate.swift in Sources */,
			);
			runOnlyForDeploymentPostprocessing = 0;
		};
		B1D9DDC919FF6B08001615F7 /* Sources */ = {
			isa = PBXSourcesBuildPhase;
			buildActionMask = 2147483647;
			files = (
				B1D9DDD419FF6B08001615F7 /* SwipeBetweenViewControllersTests.swift in Sources */,
			);
			runOnlyForDeploymentPostprocessing = 0;
		};
/* End PBXSourcesBuildPhase section */

/* Begin PBXTargetDependency section */
		B1D9DDCF19FF6B08001615F7 /* PBXTargetDependency */ = {
			isa = PBXTargetDependency;
			target = B1D9DDB719FF6B08001615F7 /* SwipeBetweenViewControllers */;
			targetProxy = B1D9DDCE19FF6B08001615F7 /* PBXContainerItemProxy */;
		};
/* End PBXTargetDependency section */

/* Begin PBXVariantGroup section */
		B1D9DDC119FF6B08001615F7 /* Main.storyboard */ = {
			isa = PBXVariantGroup;
			children = (
				B1D9DDC219FF6B08001615F7 /* Base */,
			);
			name = Main.storyboard;
			sourceTree = "<group>";
		};
		B1D9DDC619FF6B08001615F7 /* LaunchScreen.xib */ = {
			isa = PBXVariantGroup;
			children = (
				B1D9DDC719FF6B08001615F7 /* Base */,
			);
			name = LaunchScreen.xib;
			sourceTree = "<group>";
		};
/* End PBXVariantGroup section */

/* Begin XCBuildConfiguration section */
		B1D9DDD519FF6B08001615F7 /* Debug */ = {
			isa = XCBuildConfiguration;
			buildSettings = {
				ALWAYS_SEARCH_USER_PATHS = NO;
				CLANG_CXX_LANGUAGE_STANDARD = "gnu++0x";
				CLANG_CXX_LIBRARY = "libc++";
				CLANG_ENABLE_MODULES = YES;
				CLANG_ENABLE_OBJC_ARC = YES;
				CLANG_WARN_BOOL_CONVERSION = YES;
				CLANG_WARN_CONSTANT_CONVERSION = YES;
				CLANG_WARN_DIRECT_OBJC_ISA_USAGE = YES_ERROR;
				CLANG_WARN_EMPTY_BODY = YES;
				CLANG_WARN_ENUM_CONVERSION = YES;
				CLANG_WARN_INT_CONVERSION = YES;
				CLANG_WARN_OBJC_ROOT_CLASS = YES_ERROR;
				CLANG_WARN_UNREACHABLE_CODE = YES;
				CLANG_WARN__DUPLICATE_METHOD_MATCH = YES;
				"CODE_SIGN_IDENTITY[sdk=iphoneos*]" = "iPhone Developer";
				COPY_PHASE_STRIP = NO;
				ENABLE_STRICT_OBJC_MSGSEND = YES;
				GCC_C_LANGUAGE_STANDARD = gnu99;
				GCC_DYNAMIC_NO_PIC = NO;
				GCC_OPTIMIZATION_LEVEL = 0;
				GCC_PREPROCESSOR_DEFINITIONS = (
					"DEBUG=1",
					"$(inherited)",
				);
				GCC_SYMBOLS_PRIVATE_EXTERN = NO;
				GCC_WARN_64_TO_32_BIT_CONVERSION = YES;
				GCC_WARN_ABOUT_RETURN_TYPE = YES_ERROR;
				GCC_WARN_UNDECLARED_SELECTOR = YES;
				GCC_WARN_UNINITIALIZED_AUTOS = YES_AGGRESSIVE;
				GCC_WARN_UNUSED_FUNCTION = YES;
				GCC_WARN_UNUSED_VARIABLE = YES;
				IPHONEOS_DEPLOYMENT_TARGET = 8.1;
				MTL_ENABLE_DEBUG_INFO = YES;
				ONLY_ACTIVE_ARCH = YES;
				SDKROOT = iphoneos;
				SWIFT_OPTIMIZATION_LEVEL = "-Onone";
				TARGETED_DEVICE_FAMILY = "1,2";
			};
			name = Debug;
		};
		B1D9DDD619FF6B08001615F7 /* Release */ = {
			isa = XCBuildConfiguration;
			buildSettings = {
				ALWAYS_SEARCH_USER_PATHS = NO;
				CLANG_CXX_LANGUAGE_STANDARD = "gnu++0x";
				CLANG_CXX_LIBRARY = "libc++";
				CLANG_ENABLE_MODULES = YES;
				CLANG_ENABLE_OBJC_ARC = YES;
				CLANG_WARN_BOOL_CONVERSION = YES;
				CLANG_WARN_CONSTANT_CONVERSION = YES;
				CLANG_WARN_DIRECT_OBJC_ISA_USAGE = YES_ERROR;
				CLANG_WARN_EMPTY_BODY = YES;
				CLANG_WARN_ENUM_CONVERSION = YES;
				CLANG_WARN_INT_CONVERSION = YES;
				CLANG_WARN_OBJC_ROOT_CLASS = YES_ERROR;
				CLANG_WARN_UNREACHABLE_CODE = YES;
				CLANG_WARN__DUPLICATE_METHOD_MATCH = YES;
				"CODE_SIGN_IDENTITY[sdk=iphoneos*]" = "iPhone Developer";
				COPY_PHASE_STRIP = YES;
				ENABLE_NS_ASSERTIONS = NO;
				ENABLE_STRICT_OBJC_MSGSEND = YES;
				GCC_C_LANGUAGE_STANDARD = gnu99;
				GCC_WARN_64_TO_32_BIT_CONVERSION = YES;
				GCC_WARN_ABOUT_RETURN_TYPE = YES_ERROR;
				GCC_WARN_UNDECLARED_SELECTOR = YES;
				GCC_WARN_UNINITIALIZED_AUTOS = YES_AGGRESSIVE;
				GCC_WARN_UNUSED_FUNCTION = YES;
				GCC_WARN_UNUSED_VARIABLE = YES;
				IPHONEOS_DEPLOYMENT_TARGET = 8.1;
				MTL_ENABLE_DEBUG_INFO = NO;
				SDKROOT = iphoneos;
				TARGETED_DEVICE_FAMILY = "1,2";
				VALIDATE_PRODUCT = YES;
			};
			name = Release;
		};
		B1D9DDD819FF6B08001615F7 /* Debug */ = {
			isa = XCBuildConfiguration;
			buildSettings = {
				ASSETCATALOG_COMPILER_APPICON_NAME = AppIcon;
				INFOPLIST_FILE = SwipeBetweenViewControllers/Info.plist;
				IPHONEOS_DEPLOYMENT_TARGET = 7.0;
				LD_RUNPATH_SEARCH_PATHS = "$(inherited) @executable_path/Frameworks";
				PRODUCT_NAME = "$(TARGET_NAME)";
			};
			name = Debug;
		};
		B1D9DDD919FF6B08001615F7 /* Release */ = {
			isa = XCBuildConfiguration;
			buildSettings = {
				ASSETCATALOG_COMPILER_APPICON_NAME = AppIcon;
				INFOPLIST_FILE = SwipeBetweenViewControllers/Info.plist;
				IPHONEOS_DEPLOYMENT_TARGET = 7.0;
				LD_RUNPATH_SEARCH_PATHS = "$(inherited) @executable_path/Frameworks";
				PRODUCT_NAME = "$(TARGET_NAME)";
			};
			name = Release;
		};
		B1D9DDDB19FF6B08001615F7 /* Debug */ = {
			isa = XCBuildConfiguration;
			buildSettings = {
				BUNDLE_LOADER = "$(TEST_HOST)";
				FRAMEWORK_SEARCH_PATHS = (
					"$(SDKROOT)/Developer/Library/Frameworks",
					"$(inherited)",
				);
				GCC_PREPROCESSOR_DEFINITIONS = (
					"DEBUG=1",
					"$(inherited)",
				);
				INFOPLIST_FILE = SwipeBetweenViewControllersTests/Info.plist;
				LD_RUNPATH_SEARCH_PATHS = "$(inherited) @executable_path/Frameworks @loader_path/Frameworks";
				PRODUCT_NAME = "$(TARGET_NAME)";
				TEST_HOST = "$(BUILT_PRODUCTS_DIR)/SwipeBetweenViewControllers.app/SwipeBetweenViewControllers";
			};
			name = Debug;
		};
		B1D9DDDC19FF6B08001615F7 /* Release */ = {
			isa = XCBuildConfiguration;
			buildSettings = {
				BUNDLE_LOADER = "$(TEST_HOST)";
				FRAMEWORK_SEARCH_PATHS = (
					"$(SDKROOT)/Developer/Library/Frameworks",
					"$(inherited)",
				);
				INFOPLIST_FILE = SwipeBetweenViewControllersTests/Info.plist;
				LD_RUNPATH_SEARCH_PATHS = "$(inherited) @executable_path/Frameworks @loader_path/Frameworks";
				PRODUCT_NAME = "$(TARGET_NAME)";
				TEST_HOST = "$(BUILT_PRODUCTS_DIR)/SwipeBetweenViewControllers.app/SwipeBetweenViewControllers";
			};
			name = Release;
		};
/* End XCBuildConfiguration section */

/* Begin XCConfigurationList section */
		B1D9DDB319FF6B08001615F7 /* Build configuration list for PBXProject "SwipeBetweenViewControllers" */ = {
			isa = XCConfigurationList;
			buildConfigurations = (
				B1D9DDD519FF6B08001615F7 /* Debug */,
				B1D9DDD619FF6B08001615F7 /* Release */,
			);
			defaultConfigurationIsVisible = 0;
			defaultConfigurationName = Release;
		};
		B1D9DDD719FF6B08001615F7 /* Build configuration list for PBXNativeTarget "SwipeBetweenViewControllers" */ = {
			isa = XCConfigurationList;
			buildConfigurations = (
				B1D9DDD819FF6B08001615F7 /* Debug */,
				B1D9DDD919FF6B08001615F7 /* Release */,
			);
			defaultConfigurationIsVisible = 0;
			defaultConfigurationName = Release;
		};
		B1D9DDDA19FF6B08001615F7 /* Build configuration list for PBXNativeTarget "SwipeBetweenViewControllersTests" */ = {
			isa = XCConfigurationList;
			buildConfigurations = (
				B1D9DDDB19FF6B08001615F7 /* Debug */,
				B1D9DDDC19FF6B08001615F7 /* Release */,
			);
			defaultConfigurationIsVisible = 0;
			defaultConfigurationName = Release;
		};
/* End XCConfigurationList section */
	};
	rootObject = B1D9DDB019FF6B08001615F7 /* Project object */;
}
